# @generated by Move, please check-in and do not edit manually.

[move]
version = 3
manifest_digest = "A30E7E627CDFD4E3E0FC5C73D4B0B09D6716AB373D5B2A71EDEE833D95035419"
deps_digest = "F8BBB0CCB2491CA29A3DF03D6F92277A4F3574266507ACD77214D37ECA3F3082"
dependencies = [
  { id = "Iota", name = "Iota" },
]

[[move.package]]
id = "Iota"
source = { git = "https://github.com/iotaledger/iota.git", rev = "devnet", subdir = "crates/iota-framework/packages/iota-framework" }

dependencies = [
  { id = "MoveStdlib", name = "MoveStdlib" },
]

[[move.package]]
id = "MoveStdlib"
source = { git = "https://github.com/iotaledger/iota.git", rev = "devnet", subdir = "crates\\iota-framework\\packages\\move-stdlib" }

[move.toolchain-version]
compiler-version = "1.12.0"
edition = "2024"
flavor = "iota"

[env]

[env.testnet]
chain-id = "2304aa97"
original-published-id = "0x8ecea280b288106dd7d7d9cbafe3f9f97a2fffb497fa7ce7785d4f10aeace0a7"
latest-published-id = "0x8ecea280b288106dd7d7d9cbafe3f9f97a2fffb497fa7ce7785d4f10aeace0a7"
published-version = "1"
